
Microsoft Visual Studio Solution File, Format Version 12.00
# Visual Studio Version 17
VisualStudioVersion = 17.0.31903.59
MinimumVisualStudioVersion = 10.0.40219.1
Project("{FAE04EC0-301F-11D3-BF4B-00C04F79EFBC}") = "API", "API\API.csproj", "{D5984EEE-D113-45C9-8F14-1BBB3FC051E8}"
EndProject
Project("{FAE04EC0-301F-11D3-BF4B-00C04F79EFBC}") = "Core", "Core\Core.csproj", "{C303F041-43C4-4BBE-BC2C-5DA32B896858}"
EndProject
Project("{FAE04EC0-301F-11D3-BF4B-00C04F79EFBC}") = "Infrastructure", "Infrastructure\Infrastructure.csproj", "{9BE33C61-1615-4B30-B91F-761536FE9CFE}"
EndProject
Global
	GlobalSection(SolutionConfigurationPlatforms) = preSolution
		Debug|Any CPU = Debug|Any CPU
		Release|Any CPU = Release|Any CPU
	EndGlobalSection
	GlobalSection(SolutionProperties) = preSolution
		HideSolutionNode = FALSE
	EndGlobalSection
	GlobalSection(ProjectConfigurationPlatforms) = postSolution
		{D5984EEE-D113-45C9-8F14-1BBB3FC051E8}.Debug|Any CPU.ActiveCfg = Debug|Any CPU
		{D5984EEE-D113-45C9-8F14-1BBB3FC051E8}.Debug|Any CPU.Build.0 = Debug|Any CPU
		{D5984EEE-D113-45C9-8F14-1BBB3FC051E8}.Release|Any CPU.ActiveCfg = Release|Any CPU
		{D5984EEE-D113-45C9-8F14-1BBB3FC051E8}.Release|Any CPU.Build.0 = Release|Any CPU
		{C303F041-43C4-4BBE-BC2C-5DA32B896858}.Debug|Any CPU.ActiveCfg = Debug|Any CPU
		{C303F041-43C4-4BBE-BC2C-5DA32B896858}.Debug|Any CPU.Build.0 = Debug|Any CPU
		{C303F041-43C4-4BBE-BC2C-5DA32B896858}.Release|Any CPU.ActiveCfg = Release|Any CPU
		{C303F041-43C4-4BBE-BC2C-5DA32B896858}.Release|Any CPU.Build.0 = Release|Any CPU
		{9BE33C61-1615-4B30-B91F-761536FE9CFE}.Debug|Any CPU.ActiveCfg = Debug|Any CPU
		{9BE33C61-1615-4B30-B91F-761536FE9CFE}.Debug|Any CPU.Build.0 = Debug|Any CPU
		{9BE33C61-1615-4B30-B91F-761536FE9CFE}.Release|Any CPU.ActiveCfg = Release|Any CPU
		{9BE33C61-1615-4B30-B91F-761536FE9CFE}.Release|Any CPU.Build.0 = Release|Any CPU
	EndGlobalSection
EndGlobal
